<?xml version="1.0" encoding="utf-8"?>
<Project ToolsVersion="4.0" xmlns="http://schemas.microsoft.com/developer/msbuild/2003">
  <ItemGroup>
    <Filter Include="Source Files">
      <UniqueIdentifier>{4FC737F1-C7A5-4376-A066-2A32D752A2FF}</UniqueIdentifier>
      <Extensions>cpp;c;cc;cxx;def;odl;idl;hpj;bat;asm;asmx</Extensions>
    </Filter>
    <Filter Include="Header Files">
      <UniqueIdentifier>{93995380-89BD-4b04-88EB-625FBE52EBFB}</UniqueIdentifier>
      <Extensions>h;hpp;hxx;hm;inl;inc;xsd</Extensions>
    </Filter>
    <Filter Include="Resource Files">
      <UniqueIdentifier>{67DA6AB6-F800-4c08-8B7A-83BB121AAD01}</UniqueIdentifier>
      <Extensions>rc;ico;cur;bmp;dlg;rc2;rct;bin;rgs;gif;jpg;jpeg;jpe;resx;tiff;tif;png;wav;mfcribbon-ms</Extensions>
    </Filter>
    <Filter Include="Driver Files">
      <UniqueIdentifier>{8E41214B-6785-4CFE-B992-037D68949A14}</UniqueIdentifier>
      <Extensions>inf;inv;inx;mof;mc;</Extensions>
    </Filter>
    <Filter Include="comm">
      <UniqueIdentifier>{9d8030cf-51c5-43d4-a0bb-e827f836001e}</UniqueIdentifier>
    </Filter>
    <Filter Include="tools">
      <UniqueIdentifier>{7ba13a5d-c37c-48bc-88e0-3a4af34ffe33}</UniqueIdentifier>
    </Filter>
    <Filter Include="hook">
      <UniqueIdentifier>{38658b13-833e-4cef-bbff-ba9384f8cc0a}</UniqueIdentifier>
    </Filter>
    <Filter Include="pg">
      <UniqueIdentifier>{c7f0c10c-5578-4754-b9ba-37b96741462c}</UniqueIdentifier>
    </Filter>
  </ItemGroup>
  <ItemGroup>
    <ClCompile Include="DriverMain.c">
      <Filter>Source Files</Filter>
    </ClCompile>
    <ClCompile Include="Dbg.c">
      <Filter>Source Files</Filter>
    </ClCompile>
    <ClCompile Include="comm\ObjectType.c">
      <Filter>comm</Filter>
    </ClCompile>
    <ClCompile Include="Dbgkp.c">
      <Filter>Source Files</Filter>
    </ClCompile>
    <ClCompile Include="tools\SearchCode.c">
      <Filter>tools</Filter>
    </ClCompile>
    <ClCompile Include="SearchFunc.c">
      <Filter>Source Files</Filter>
    </ClCompile>
    <ClCompile Include="hook\HookDebugApi.c">
      <Filter>hook</Filter>
    </ClCompile>
    <ClCompile Include="tools\ssdt.c">
      <Filter>tools</Filter>
    </ClCompile>
    <ClCompile Include="tools\AsmCode.c">
      <Filter>tools</Filter>
    </ClCompile>
    <ClCompile Include="hook\Hook.c">
      <Filter>hook</Filter>
    </ClCompile>
    <ClCompile Include="hook\Function.c">
      <Filter>hook</Filter>
    </ClCompile>
    <ClCompile Include="tools\Module.c">
      <Filter>tools</Filter>
    </ClCompile>
    <ClCompile Include="Pg\DISPG.c">
      <Filter>pg</Filter>
    </ClCompile>
  </ItemGroup>
  <ItemGroup>
    <ClInclude Include="Dbg.h">
      <Filter>Header Files</Filter>
    </ClInclude>
    <ClInclude Include="comm\ObjectType.h">
      <Filter>comm</Filter>
    </ClInclude>
    <ClInclude Include="comm\SystemExportFunc.h">
      <Filter>comm</Filter>
    </ClInclude>
    <ClInclude Include="comm\DbgStruct.h">
      <Filter>comm</Filter>
    </ClInclude>
    <ClInclude Include="Peb.h">
      <Filter>Header Files</Filter>
    </ClInclude>
    <ClInclude Include="Struct.h">
      <Filter>Header Files</Filter>
    </ClInclude>
    <ClInclude Include="Dbgkp.h">
      <Filter>Header Files</Filter>
    </ClInclude>
    <ClInclude Include="tools\SearchCode.h">
      <Filter>tools</Filter>
    </ClInclude>
    <ClInclude Include="SearchFunc.h">
      <Filter>Header Files</Filter>
    </ClInclude>
    <ClInclude Include="hook\HookDebugApi.h">
      <Filter>hook</Filter>
    </ClInclude>
    <ClInclude Include="tools\ssdt.h">
      <Filter>tools</Filter>
    </ClInclude>
    <ClInclude Include="tools\AsmCode.h">
      <Filter>tools</Filter>
    </ClInclude>
    <ClInclude Include="hook\Hook.h">
      <Filter>hook</Filter>
    </ClInclude>
    <ClInclude Include="hook\Function.h">
      <Filter>hook</Filter>
    </ClInclude>
    <ClInclude Include="tools\Module.h">
      <Filter>tools</Filter>
    </ClInclude>
    <ClInclude Include="Pg\DisPg.h">
      <Filter>pg</Filter>
    </ClInclude>
  </ItemGroup>
  <ItemGroup>
    <MASM Include="Pg\helper.asm">
      <Filter>pg</Filter>
    </MASM>
  </ItemGroup>
</Project>