
Microsoft Visual Studio Solution File, Format Version 12.00
# Visual Studio Version 16
VisualStudioVersion = 16.0.34031.81
MinimumVisualStudioVersion = 10.0.40219.1
Project("{8BC9CEB8-8B4A-11D0-8D11-00A0C91BC942}") = "HotGeDbg", "HotGeDbg.vcxproj", "{3E237212-B84E-484E-B20A-D9F0003554A2}"
EndProject
Project("{8BC9CEB8-8B4A-11D0-8D11-00A0C91BC942}") = "BEPatchDebug", "BEPatchDebug\BEPatchDebug.vcxproj", "{3C42BE88-E3E1-4650-9C70-498537854F9F}"
EndProject
Global
	GlobalSection(SolutionConfigurationPlatforms) = preSolution
		Debug|ARM = Debug|ARM
		Debug|ARM64 = Debug|ARM64
		Debug|x64 = Debug|x64
		Debug|x86 = Debug|x86
		Release|ARM = Release|ARM
		Release|ARM64 = Release|ARM64
		Release|x64 = Release|x64
		Release|x86 = Release|x86
	EndGlobalSection
	GlobalSection(ProjectConfigurationPlatforms) = postSolution
		{3E237212-B84E-484E-B20A-D9F0003554A2}.Debug|ARM.ActiveCfg = Debug|ARM
		{3E237212-B84E-484E-B20A-D9F0003554A2}.Debug|ARM.Build.0 = Debug|ARM
		{3E237212-B84E-484E-B20A-D9F0003554A2}.Debug|ARM.Deploy.0 = Debug|ARM
		{3E237212-B84E-484E-B20A-D9F0003554A2}.Debug|ARM64.ActiveCfg = Debug|ARM64
		{3E237212-B84E-484E-B20A-D9F0003554A2}.Debug|ARM64.Build.0 = Debug|ARM64
		{3E237212-B84E-484E-B20A-D9F0003554A2}.Debug|ARM64.Deploy.0 = Debug|ARM64
		{3E237212-B84E-484E-B20A-D9F0003554A2}.Debug|x64.ActiveCfg = Debug|x64
		{3E237212-B84E-484E-B20A-D9F0003554A2}.Debug|x64.Build.0 = Debug|x64
		{3E237212-B84E-484E-B20A-D9F0003554A2}.Debug|x64.Deploy.0 = Debug|x64
		{3E237212-B84E-484E-B20A-D9F0003554A2}.Debug|x86.ActiveCfg = Debug|Win32
		{3E237212-B84E-484E-B20A-D9F0003554A2}.Debug|x86.Build.0 = Debug|Win32
		{3E237212-B84E-484E-B20A-D9F0003554A2}.Debug|x86.Deploy.0 = Debug|Win32
		{3E237212-B84E-484E-B20A-D9F0003554A2}.Release|ARM.ActiveCfg = Release|ARM
		{3E237212-B84E-484E-B20A-D9F0003554A2}.Release|ARM.Build.0 = Release|ARM
		{3E237212-B84E-484E-B20A-D9F0003554A2}.Release|ARM.Deploy.0 = Release|ARM
		{3E237212-B84E-484E-B20A-D9F0003554A2}.Release|ARM64.ActiveCfg = Release|ARM64
		{3E237212-B84E-484E-B20A-D9F0003554A2}.Release|ARM64.Build.0 = Release|ARM64
		{3E237212-B84E-484E-B20A-D9F0003554A2}.Release|ARM64.Deploy.0 = Release|ARM64
		{3E237212-B84E-484E-B20A-D9F0003554A2}.Release|x64.ActiveCfg = Release|x64
		{3E237212-B84E-484E-B20A-D9F0003554A2}.Release|x64.Build.0 = Release|x64
		{3E237212-B84E-484E-B20A-D9F0003554A2}.Release|x64.Deploy.0 = Release|x64
		{3E237212-B84E-484E-B20A-D9F0003554A2}.Release|x86.ActiveCfg = Release|Win32
		{3E237212-B84E-484E-B20A-D9F0003554A2}.Release|x86.Build.0 = Release|Win32
		{3E237212-B84E-484E-B20A-D9F0003554A2}.Release|x86.Deploy.0 = Release|Win32
		{3C42BE88-E3E1-4650-9C70-498537854F9F}.Debug|ARM.ActiveCfg = Debug|ARM
		{3C42BE88-E3E1-4650-9C70-498537854F9F}.Debug|ARM.Build.0 = Debug|ARM
		{3C42BE88-E3E1-4650-9C70-498537854F9F}.Debug|ARM.Deploy.0 = Debug|ARM
		{3C42BE88-E3E1-4650-9C70-498537854F9F}.Debug|ARM64.ActiveCfg = Debug|ARM64
		{3C42BE88-E3E1-4650-9C70-498537854F9F}.Debug|ARM64.Build.0 = Debug|ARM64
		{3C42BE88-E3E1-4650-9C70-498537854F9F}.Debug|ARM64.Deploy.0 = Debug|ARM64
		{3C42BE88-E3E1-4650-9C70-498537854F9F}.Debug|x64.ActiveCfg = Debug|x64
		{3C42BE88-E3E1-4650-9C70-498537854F9F}.Debug|x64.Build.0 = Debug|x64
		{3C42BE88-E3E1-4650-9C70-498537854F9F}.Debug|x64.Deploy.0 = Debug|x64
		{3C42BE88-E3E1-4650-9C70-498537854F9F}.Debug|x86.ActiveCfg = Debug|Win32
		{3C42BE88-E3E1-4650-9C70-498537854F9F}.Debug|x86.Build.0 = Debug|Win32
		{3C42BE88-E3E1-4650-9C70-498537854F9F}.Debug|x86.Deploy.0 = Debug|Win32
		{3C42BE88-E3E1-4650-9C70-498537854F9F}.Release|ARM.ActiveCfg = Release|ARM
		{3C42BE88-E3E1-4650-9C70-498537854F9F}.Release|ARM.Build.0 = Release|ARM
		{3C42BE88-E3E1-4650-9C70-498537854F9F}.Release|ARM.Deploy.0 = Release|ARM
		{3C42BE88-E3E1-4650-9C70-498537854F9F}.Release|ARM64.ActiveCfg = Release|ARM64
		{3C42BE88-E3E1-4650-9C70-498537854F9F}.Release|ARM64.Build.0 = Release|ARM64
		{3C42BE88-E3E1-4650-9C70-498537854F9F}.Release|ARM64.Deploy.0 = Release|ARM64
		{3C42BE88-E3E1-4650-9C70-498537854F9F}.Release|x64.ActiveCfg = Release|x64
		{3C42BE88-E3E1-4650-9C70-498537854F9F}.Release|x64.Build.0 = Release|x64
		{3C42BE88-E3E1-4650-9C70-498537854F9F}.Release|x64.Deploy.0 = Release|x64
		{3C42BE88-E3E1-4650-9C70-498537854F9F}.Release|x86.ActiveCfg = Release|Win32
		{3C42BE88-E3E1-4650-9C70-498537854F9F}.Release|x86.Build.0 = Release|Win32
		{3C42BE88-E3E1-4650-9C70-498537854F9F}.Release|x86.Deploy.0 = Release|Win32
	EndGlobalSection
	GlobalSection(SolutionProperties) = preSolution
		HideSolutionNode = FALSE
	EndGlobalSection
	GlobalSection(ExtensibilityGlobals) = postSolution
		SolutionGuid = {4431E622-4399-4B5A-A275-1042F2282B45}
	EndGlobalSection
EndGlobal
