<?xml version="1.0" encoding="utf-8"?>
<Project ToolsVersion="4.0" xmlns="http://schemas.microsoft.com/developer/msbuild/2003">
  <ItemGroup>
    <Filter Include="Source Files">
      <UniqueIdentifier>{4FC737F1-C7A5-4376-A066-2A32D752A2FF}</UniqueIdentifier>
      <Extensions>cpp;c;cc;cxx;def;odl;idl;hpj;bat;asm;asmx</Extensions>
    </Filter>
    <Filter Include="Header Files">
      <UniqueIdentifier>{93995380-89BD-4b04-88EB-625FBE52EBFB}</UniqueIdentifier>
      <Extensions>h;hpp;hxx;hm;inl;inc;xsd</Extensions>
    </Filter>
    <Filter Include="Resource Files">
      <UniqueIdentifier>{67DA6AB6-F800-4c08-8B7A-83BB121AAD01}</UniqueIdentifier>
      <Extensions>rc;ico;cur;bmp;dlg;rc2;rct;bin;rgs;gif;jpg;jpeg;jpe;resx;tiff;tif;png;wav;mfcribbon-ms</Extensions>
    </Filter>
    <Filter Include="Driver Files">
      <UniqueIdentifier>{8E41214B-6785-4CFE-B992-037D68949A14}</UniqueIdentifier>
      <Extensions>inf;inv;inx;mof;mc;</Extensions>
    </Filter>
    <Filter Include="etw">
      <UniqueIdentifier>{6743057f-1250-4f26-bc2a-38e12b466bd5}</UniqueIdentifier>
    </Filter>
    <Filter Include="etw\hde">
      <UniqueIdentifier>{28d15274-d5d7-4698-a2ac-52bd9c36cb5a}</UniqueIdentifier>
    </Filter>
  </ItemGroup>
  <ItemGroup>
    <ClCompile Include="DriverMain.c">
      <Filter>Source Files</Filter>
    </ClCompile>
    <ClCompile Include="etw\EtwControl.c">
      <Filter>etw</Filter>
    </ClCompile>
    <ClCompile Include="etw\img.c">
      <Filter>etw</Filter>
    </ClCompile>
    <ClCompile Include="etw\infinityhook.c">
      <Filter>etw</Filter>
    </ClCompile>
    <ClCompile Include="etw\mm.c">
      <Filter>etw</Filter>
    </ClCompile>
    <ClCompile Include="etw\tools.c">
      <Filter>etw</Filter>
    </ClCompile>
    <ClCompile Include="etw\hde\hde64.c">
      <Filter>etw\hde</Filter>
    </ClCompile>
  </ItemGroup>
  <ItemGroup>
    <ClInclude Include="etw\EtwControl.h">
      <Filter>etw</Filter>
    </ClInclude>
    <ClInclude Include="etw\img.h">
      <Filter>etw</Filter>
    </ClInclude>
    <ClInclude Include="etw\infinityhook.h">
      <Filter>etw</Filter>
    </ClInclude>
    <ClInclude Include="etw\mm.h">
      <Filter>etw</Filter>
    </ClInclude>
    <ClInclude Include="etw\ntint.h">
      <Filter>etw</Filter>
    </ClInclude>
    <ClInclude Include="etw\tools.h">
      <Filter>etw</Filter>
    </ClInclude>
    <ClInclude Include="etw\hde\hde64.h">
      <Filter>etw\hde</Filter>
    </ClInclude>
    <ClInclude Include="etw\hde\pstdint.h">
      <Filter>etw\hde</Filter>
    </ClInclude>
    <ClInclude Include="etw\hde\table64.h">
      <Filter>etw\hde</Filter>
    </ClInclude>
  </ItemGroup>
</Project>